// !$*UTF8*$!
{
	archiveVersion = 1;
	classes = {
	};
	objectVersion = 46;
	objects = {

/* Begin PBXBuildFile section */
		8A0DF6D9195C4DF70029E5F3 /* NZRingRecordingVC.m in Sources */ = {isa = PBXBuildFile; fileRef = 8A0DF6D8195C4DF70029E5F3 /* NZRingRecordingVC.m */; };
		8A0DF6DC195C59EF0029E5F3 /* Main.storyboard in Resources */ = {isa = PBXBuildFile; fileRef = 8A0DF6DA195C59EF0029E5F3 /* Main.storyboard */; };
		8A0DF6E1195C618A0029E5F3 /* NZSensorDataManager.m in Sources */ = {isa = PBXBuildFile; fileRef = 8A0DF6E0195C618A0029E5F3 /* NZSensorDataManager.m */; };
		8A0DF6E4195C63770029E5F3 /* NZSensorDataRecordingManager.m in Sources */ = {isa = PBXBuildFile; fileRef = 8A0DF6E3195C63770029E5F3 /* NZSensorDataRecordingManager.m */; };
		8A6AF54C195CBAF20015B571 /* NZSensorDataHelper.m in Sources */ = {isa = PBXBuildFile; fileRef = 8A6AF54B195CBAF20015B571 /* NZSensorDataHelper.m */; };
		8A922904195C3A3800DF7743 /* Foundation.framework in Frameworks */ = {isa = PBXBuildFile; fileRef = 8A922903195C3A3800DF7743 /* Foundation.framework */; };
		8A922906195C3A3800DF7743 /* CoreGraphics.framework in Frameworks */ = {isa = PBXBuildFile; fileRef = 8A922905195C3A3800DF7743 /* CoreGraphics.framework */; };
		8A922908195C3A3800DF7743 /* UIKit.framework in Frameworks */ = {isa = PBXBuildFile; fileRef = 8A922907195C3A3800DF7743 /* UIKit.framework */; };
		8A92290A195C3A3800DF7743 /* CoreData.framework in Frameworks */ = {isa = PBXBuildFile; fileRef = 8A922909195C3A3800DF7743 /* CoreData.framework */; };
		8A922910195C3A3800DF7743 /* InfoPlist.strings in Resources */ = {isa = PBXBuildFile; fileRef = 8A92290E195C3A3800DF7743 /* InfoPlist.strings */; };
		8A922912195C3A3800DF7743 /* main.m in Sources */ = {isa = PBXBuildFile; fileRef = 8A922911195C3A3800DF7743 /* main.m */; };
		8A922916195C3A3800DF7743 /* NZAppDelegate.m in Sources */ = {isa = PBXBuildFile; fileRef = 8A922915195C3A3800DF7743 /* NZAppDelegate.m */; };
		8A92291C195C3A3800DF7743 /* Gesture.xcdatamodeld in Sources */ = {isa = PBXBuildFile; fileRef = 8A92291A195C3A3800DF7743 /* Gesture.xcdatamodeld */; };
		8A922922195C3A3800DF7743 /* NZDetailViewController.m in Sources */ = {isa = PBXBuildFile; fileRef = 8A922921195C3A3800DF7743 /* NZDetailViewController.m */; };
		8A922924195C3A3800DF7743 /* Images.xcassets in Resources */ = {isa = PBXBuildFile; fileRef = 8A922923195C3A3800DF7743 /* Images.xcassets */; };
		8A92292B195C3A3800DF7743 /* XCTest.framework in Frameworks */ = {isa = PBXBuildFile; fileRef = 8A92292A195C3A3800DF7743 /* XCTest.framework */; };
		8A92292C195C3A3800DF7743 /* Foundation.framework in Frameworks */ = {isa = PBXBuildFile; fileRef = 8A922903195C3A3800DF7743 /* Foundation.framework */; };
		8A92292D195C3A3800DF7743 /* UIKit.framework in Frameworks */ = {isa = PBXBuildFile; fileRef = 8A922907195C3A3800DF7743 /* UIKit.framework */; };
		8A92292E195C3A3800DF7743 /* CoreData.framework in Frameworks */ = {isa = PBXBuildFile; fileRef = 8A922909195C3A3800DF7743 /* CoreData.framework */; };
		8A922936195C3A3800DF7743 /* InfoPlist.strings in Resources */ = {isa = PBXBuildFile; fileRef = 8A922934195C3A3800DF7743 /* InfoPlist.strings */; };
		8A922938195C3A3800DF7743 /* GestureTests.m in Sources */ = {isa = PBXBuildFile; fileRef = 8A922937195C3A3800DF7743 /* GestureTests.m */; };
		8A92295E195C3CCF00DF7743 /* BLEDiscovery.m in Sources */ = {isa = PBXBuildFile; fileRef = 8A922959195C3CCF00DF7743 /* BLEDiscovery.m */; };
		8A92295F195C3CCF00DF7743 /* BLEHelper.m in Sources */ = {isa = PBXBuildFile; fileRef = 8A92295B195C3CCF00DF7743 /* BLEHelper.m */; };
		8A922960195C3CCF00DF7743 /* BLEService.m in Sources */ = {isa = PBXBuildFile; fileRef = 8A92295D195C3CCF00DF7743 /* BLEService.m */; };
		8A922966195C3D2A00DF7743 /* NZArduinoCommunicationManager.m in Sources */ = {isa = PBXBuildFile; fileRef = 8A922965195C3D2A00DF7743 /* NZArduinoCommunicationManager.m */; };
		8A922969195C3E8E00DF7743 /* NZMasterMenuTVC.m in Sources */ = {isa = PBXBuildFile; fileRef = 8A922968195C3E8E00DF7743 /* NZMasterMenuTVC.m */; };
		8AAD80DB195DBA70000F9805 /* KHLinearAccelerationLineChartView.m in Sources */ = {isa = PBXBuildFile; fileRef = 8AAD80CE195DBA70000F9805 /* KHLinearAccelerationLineChartView.m */; };
		8AAD80DC195DBA70000F9805 /* KHLinearAccelerationYLineChartView.m in Sources */ = {isa = PBXBuildFile; fileRef = 8AAD80D0195DBA70000F9805 /* KHLinearAccelerationYLineChartView.m */; };
		8AAD80DD195DBA70000F9805 /* KHSensorDataLineChartView.m in Sources */ = {isa = PBXBuildFile; fileRef = 8AAD80D2195DBA70000F9805 /* KHSensorDataLineChartView.m */; };
		8AAD80DE195DBA70000F9805 /* KHShakingLineChartView.m in Sources */ = {isa = PBXBuildFile; fileRef = 8AAD80D4195DBA70000F9805 /* KHShakingLineChartView.m */; };
		8AAD80DF195DBA70000F9805 /* KHYawPitchRollLineChartView.m in Sources */ = {isa = PBXBuildFile; fileRef = 8AAD80D6195DBA70000F9805 /* KHYawPitchRollLineChartView.m */; };
		8AAD80E0195DBA70000F9805 /* PCLineChartView.m in Sources */ = {isa = PBXBuildFile; fileRef = 8AAD80D8195DBA70000F9805 /* PCLineChartView.m */; };
		8AAD80E1195DBA70000F9805 /* PCLineChartViewComponent+Utils.m in Sources */ = {isa = PBXBuildFile; fileRef = 8AAD80DA195DBA70000F9805 /* PCLineChartViewComponent+Utils.m */; };
		8AC9D9A7196162EF00364B5A /* NZSensorDataTableView.m in Sources */ = {isa = PBXBuildFile; fileRef = 8AC9D9A6196162EF00364B5A /* NZSensorDataTableView.m */; };
		8AC9D9AA1961637D00364B5A /* NZSensorDataSetTableViewCell.m in Sources */ = {isa = PBXBuildFile; fileRef = 8AC9D9A91961637D00364B5A /* NZSensorDataSetTableViewCell.m */; };
		8AC9D9E619619B5700364B5A /* NZCoreDataManager.m in Sources */ = {isa = PBXBuildFile; fileRef = 8AC9D9E519619B5700364B5A /* NZCoreDataManager.m */; };
		8ADB501A1962CD4C00DC2784 /* NSManagedObject+CoreData.m in Sources */ = {isa = PBXBuildFile; fileRef = 8ADB50191962CD4C00DC2784 /* NSManagedObject+CoreData.m */; };
		8ADB501D1962CE4200DC2784 /* NZSensorDataSet+CoreData.m in Sources */ = {isa = PBXBuildFile; fileRef = 8ADB501C1962CE4200DC2784 /* NZSensorDataSet+CoreData.m */; };
		8ADB50201962D63100DC2784 /* NZSensorDataSet.m in Sources */ = {isa = PBXBuildFile; fileRef = 8ADB501F1962D63100DC2784 /* NZSensorDataSet.m */; };
		8ADB50231962D7BA00DC2784 /* NZSensorData.m in Sources */ = {isa = PBXBuildFile; fileRef = 8ADB50221962D7BA00DC2784 /* NZSensorData.m */; };
		8ADB50261962D96800DC2784 /* NZClassLabel.m in Sources */ = {isa = PBXBuildFile; fileRef = 8ADB50251962D96800DC2784 /* NZClassLabel.m */; };
		8ADB50291962DAD500DC2784 /* NZLinearAcceleration.m in Sources */ = {isa = PBXBuildFile; fileRef = 8ADB50281962DAD500DC2784 /* NZLinearAcceleration.m */; };
		8ADB502C1962DAEB00DC2784 /* NZQuaternion.m in Sources */ = {isa = PBXBuildFile; fileRef = 8ADB502B1962DAEB00DC2784 /* NZQuaternion.m */; };
		8ADB502F1962DAFC00DC2784 /* NZYawPitchRoll.m in Sources */ = {isa = PBXBuildFile; fileRef = 8ADB502E1962DAFC00DC2784 /* NZYawPitchRoll.m */; };
		8ADB503A1962E1B000DC2784 /* NZClassLabel+CoreData.m in Sources */ = {isa = PBXBuildFile; fileRef = 8ADB50311962E1B000DC2784 /* NZClassLabel+CoreData.m */; };
		8ADB503B1962E1B000DC2784 /* NZLinearAcceleration+CoreData.m in Sources */ = {isa = PBXBuildFile; fileRef = 8ADB50331962E1B000DC2784 /* NZLinearAcceleration+CoreData.m */; };
		8ADB503C1962E1B000DC2784 /* NZQuaternion+CoreData.m in Sources */ = {isa = PBXBuildFile; fileRef = 8ADB50351962E1B000DC2784 /* NZQuaternion+CoreData.m */; };
		8ADB503D1962E1B000DC2784 /* NZYawPitchRoll+CoreData.m in Sources */ = {isa = PBXBuildFile; fileRef = 8ADB50371962E1B000DC2784 /* NZYawPitchRoll+CoreData.m */; };
		8ADB503E1962E1B000DC2784 /* NZSensorData+CoreData.m in Sources */ = {isa = PBXBuildFile; fileRef = 8ADB50391962E1B000DC2784 /* NZSensorData+CoreData.m */; };
		8ADB50471962EB1D00DC2784 /* NZGravity.m in Sources */ = {isa = PBXBuildFile; fileRef = 8ADB50461962EB1D00DC2784 /* NZGravity.m */; };
		8ADB504B1962EBC200DC2784 /* NZGravity+CoreData.m in Sources */ = {isa = PBXBuildFile; fileRef = 8ADB504A1962EBC200DC2784 /* NZGravity+CoreData.m */; };
		8AEE3156195C4C1600006989 /* NZSplitViewController.m in Sources */ = {isa = PBXBuildFile; fileRef = 8AEE3155195C4C1600006989 /* NZSplitViewController.m */; };
/* End PBXBuildFile section */

/* Begin PBXContainerItemProxy section */
		8A92292F195C3A3800DF7743 /* PBXContainerItemProxy */ = {
			isa = PBXContainerItemProxy;
			containerPortal = 8A9228F8195C3A3800DF7743 /* Project object */;
			proxyType = 1;
			remoteGlobalIDString = 8A9228FF195C3A3800DF7743;
			remoteInfo = Gesture;
		};
/* End PBXContainerItemProxy section */

/* Begin PBXFileReference section */
		8A0DF6D7195C4DF70029E5F3 /* NZRingRecordingVC.h */ = {isa = PBXFileReference; fileEncoding = 4; lastKnownFileType = sourcecode.c.h; name = NZRingRecordingVC.h; path = ViewControllers/NZRingRecordingVC.h; sourceTree = "<group>"; };
		8A0DF6D8195C4DF70029E5F3 /* NZRingRecordingVC.m */ = {isa = PBXFileReference; fileEncoding = 4; lastKnownFileType = sourcecode.c.objc; name = NZRingRecordingVC.m; path = ViewControllers/NZRingRecordingVC.m; sourceTree = "<group>"; };
		8A0DF6DB195C59EF0029E5F3 /* Base */ = {isa = PBXFileReference; lastKnownFileType = file.storyboard; name = Base; path = Base.lproj/Main.storyboard; sourceTree = "<group>"; };
		8A0DF6DF195C618A0029E5F3 /* NZSensorDataManager.h */ = {isa = PBXFileReference; fileEncoding = 4; lastKnownFileType = sourcecode.c.h; name = NZSensorDataManager.h; path = Controll/Recording/NZSensorDataManager.h; sourceTree = "<group>"; };
		8A0DF6E0195C618A0029E5F3 /* NZSensorDataManager.m */ = {isa = PBXFileReference; fileEncoding = 4; lastKnownFileType = sourcecode.c.objc; name = NZSensorDataManager.m; path = Controll/Recording/NZSensorDataManager.m; sourceTree = "<group>"; };
		8A0DF6E2195C63770029E5F3 /* NZSensorDataRecordingManager.h */ = {isa = PBXFileReference; fileEncoding = 4; lastKnownFileType = sourcecode.c.h; name = NZSensorDataRecordingManager.h; path = Controll/Recording/NZSensorDataRecordingManager.h; sourceTree = "<group>"; };
		8A0DF6E3195C63770029E5F3 /* NZSensorDataRecordingManager.m */ = {isa = PBXFileReference; fileEncoding = 4; lastKnownFileType = sourcecode.c.objc; name = NZSensorDataRecordingManager.m; path = Controll/Recording/NZSensorDataRecordingManager.m; sourceTree = "<group>"; };
		8A6AF54A195CBAF20015B571 /* NZSensorDataHelper.h */ = {isa = PBXFileReference; fileEncoding = 4; lastKnownFileType = sourcecode.c.h; name = NZSensorDataHelper.h; path = Model/NZSensorDataHelper.h; sourceTree = "<group>"; };
		8A6AF54B195CBAF20015B571 /* NZSensorDataHelper.m */ = {isa = PBXFileReference; fileEncoding = 4; lastKnownFileType = sourcecode.c.objc; name = NZSensorDataHelper.m; path = Model/NZSensorDataHelper.m; sourceTree = "<group>"; };
		8A922900195C3A3800DF7743 /* Gesture.app */ = {isa = PBXFileReference; explicitFileType = wrapper.application; includeInIndex = 0; path = Gesture.app; sourceTree = BUILT_PRODUCTS_DIR; };
		8A922903195C3A3800DF7743 /* Foundation.framework */ = {isa = PBXFileReference; lastKnownFileType = wrapper.framework; name = Foundation.framework; path = System/Library/Frameworks/Foundation.framework; sourceTree = SDKROOT; };
		8A922905195C3A3800DF7743 /* CoreGraphics.framework */ = {isa = PBXFileReference; lastKnownFileType = wrapper.framework; name = CoreGraphics.framework; path = System/Library/Frameworks/CoreGraphics.framework; sourceTree = SDKROOT; };
		8A922907195C3A3800DF7743 /* UIKit.framework */ = {isa = PBXFileReference; lastKnownFileType = wrapper.framework; name = UIKit.framework; path = System/Library/Frameworks/UIKit.framework; sourceTree = SDKROOT; };
		8A922909195C3A3800DF7743 /* CoreData.framework */ = {isa = PBXFileReference; lastKnownFileType = wrapper.framework; name = CoreData.framework; path = System/Library/Frameworks/CoreData.framework; sourceTree = SDKROOT; };
		8A92290D195C3A3800DF7743 /* Gesture-Info.plist */ = {isa = PBXFileReference; lastKnownFileType = text.plist.xml; path = "Gesture-Info.plist"; sourceTree = "<group>"; };
		8A92290F195C3A3800DF7743 /* en */ = {isa = PBXFileReference; lastKnownFileType = text.plist.strings; name = en; path = en.lproj/InfoPlist.strings; sourceTree = "<group>"; };
		8A922911195C3A3800DF7743 /* main.m */ = {isa = PBXFileReference; lastKnownFileType = sourcecode.c.objc; path = main.m; sourceTree = "<group>"; };
		8A922913195C3A3800DF7743 /* Gesture-Prefix.pch */ = {isa = PBXFileReference; lastKnownFileType = sourcecode.c.h; path = "Gesture-Prefix.pch"; sourceTree = "<group>"; };
		8A922914195C3A3800DF7743 /* NZAppDelegate.h */ = {isa = PBXFileReference; lastKnownFileType = sourcecode.c.h; path = NZAppDelegate.h; sourceTree = "<group>"; };
		8A922915195C3A3800DF7743 /* NZAppDelegate.m */ = {isa = PBXFileReference; lastKnownFileType = sourcecode.c.objc; path = NZAppDelegate.m; sourceTree = "<group>"; };
		8A92291B195C3A3800DF7743 /* Gesture.xcdatamodel */ = {isa = PBXFileReference; lastKnownFileType = wrapper.xcdatamodel; path = Gesture.xcdatamodel; sourceTree = "<group>"; };
		8A922920195C3A3800DF7743 /* NZDetailViewController.h */ = {isa = PBXFileReference; lastKnownFileType = sourcecode.c.h; path = NZDetailViewController.h; sourceTree = "<group>"; };
		8A922921195C3A3800DF7743 /* NZDetailViewController.m */ = {isa = PBXFileReference; lastKnownFileType = sourcecode.c.objc; path = NZDetailViewController.m; sourceTree = "<group>"; };
		8A922923195C3A3800DF7743 /* Images.xcassets */ = {isa = PBXFileReference; lastKnownFileType = folder.assetcatalog; path = Images.xcassets; sourceTree = "<group>"; };
		8A922929195C3A3800DF7743 /* GestureTests.xctest */ = {isa = PBXFileReference; explicitFileType = wrapper.cfbundle; includeInIndex = 0; path = GestureTests.xctest; sourceTree = BUILT_PRODUCTS_DIR; };
		8A92292A195C3A3800DF7743 /* XCTest.framework */ = {isa = PBXFileReference; lastKnownFileType = wrapper.framework; name = XCTest.framework; path = Library/Frameworks/XCTest.framework; sourceTree = DEVELOPER_DIR; };
		8A922933195C3A3800DF7743 /* GestureTests-Info.plist */ = {isa = PBXFileReference; lastKnownFileType = text.plist.xml; path = "GestureTests-Info.plist"; sourceTree = "<group>"; };
		8A922935195C3A3800DF7743 /* en */ = {isa = PBXFileReference; lastKnownFileType = text.plist.strings; name = en; path = en.lproj/InfoPlist.strings; sourceTree = "<group>"; };
		8A922937195C3A3800DF7743 /* GestureTests.m */ = {isa = PBXFileReference; lastKnownFileType = sourcecode.c.objc; path = GestureTests.m; sourceTree = "<group>"; };
		8A922957195C3CCF00DF7743 /* BLE.h */ = {isa = PBXFileReference; fileEncoding = 4; lastKnownFileType = sourcecode.c.h; path = BLE.h; sourceTree = "<group>"; };
		8A922958195C3CCF00DF7743 /* BLEDiscovery.h */ = {isa = PBXFileReference; fileEncoding = 4; lastKnownFileType = sourcecode.c.h; path = BLEDiscovery.h; sourceTree = "<group>"; };
		8A922959195C3CCF00DF7743 /* BLEDiscovery.m */ = {isa = PBXFileReference; fileEncoding = 4; lastKnownFileType = sourcecode.c.objc; path = BLEDiscovery.m; sourceTree = "<group>"; };
		8A92295A195C3CCF00DF7743 /* BLEHelper.h */ = {isa = PBXFileReference; fileEncoding = 4; lastKnownFileType = sourcecode.c.h; path = BLEHelper.h; sourceTree = "<group>"; };
		8A92295B195C3CCF00DF7743 /* BLEHelper.m */ = {isa = PBXFileReference; fileEncoding = 4; lastKnownFileType = sourcecode.c.objc; path = BLEHelper.m; sourceTree = "<group>"; };
		8A92295C195C3CCF00DF7743 /* BLEService.h */ = {isa = PBXFileReference; fileEncoding = 4; lastKnownFileType = sourcecode.c.h; path = BLEService.h; sourceTree = "<group>"; };
		8A92295D195C3CCF00DF7743 /* BLEService.m */ = {isa = PBXFileReference; fileEncoding = 4; lastKnownFileType = sourcecode.c.objc; path = BLEService.m; sourceTree = "<group>"; };
		8A922964195C3D2A00DF7743 /* NZArduinoCommunicationManager.h */ = {isa = PBXFileReference; fileEncoding = 4; lastKnownFileType = sourcecode.c.h; name = NZArduinoCommunicationManager.h; path = Controll/Connection/Arduino/NZArduinoCommunicationManager.h; sourceTree = "<group>"; };
		8A922965195C3D2A00DF7743 /* NZArduinoCommunicationManager.m */ = {isa = PBXFileReference; fileEncoding = 4; lastKnownFileType = sourcecode.c.objc; name = NZArduinoCommunicationManager.m; path = Controll/Connection/Arduino/NZArduinoCommunicationManager.m; sourceTree = "<group>"; };
		8A922967195C3E8E00DF7743 /* NZMasterMenuTVC.h */ = {isa = PBXFileReference; fileEncoding = 4; lastKnownFileType = sourcecode.c.h; name = NZMasterMenuTVC.h; path = ViewControllers/NZMasterMenuTVC.h; sourceTree = "<group>"; };
		8A922968195C3E8E00DF7743 /* NZMasterMenuTVC.m */ = {isa = PBXFileReference; fileEncoding = 4; lastKnownFileType = sourcecode.c.objc; name = NZMasterMenuTVC.m; path = ViewControllers/NZMasterMenuTVC.m; sourceTree = "<group>"; };
		8AAD80CD195DBA70000F9805 /* KHLinearAccelerationLineChartView.h */ = {isa = PBXFileReference; fileEncoding = 4; lastKnownFileType = sourcecode.c.h; name = KHLinearAccelerationLineChartView.h; path = Views/ChartViews/KHLinearAccelerationLineChartView.h; sourceTree = "<group>"; };
		8AAD80CE195DBA70000F9805 /* KHLinearAccelerationLineChartView.m */ = {isa = PBXFileReference; fileEncoding = 4; lastKnownFileType = sourcecode.c.objc; name = KHLinearAccelerationLineChartView.m; path = Views/ChartViews/KHLinearAccelerationLineChartView.m; sourceTree = "<group>"; };
		8AAD80CF195DBA70000F9805 /* KHLinearAccelerationYLineChartView.h */ = {isa = PBXFileReference; fileEncoding = 4; lastKnownFileType = sourcecode.c.h; name = KHLinearAccelerationYLineChartView.h; path = Views/ChartViews/KHLinearAccelerationYLineChartView.h; sourceTree = "<group>"; };
		8AAD80D0195DBA70000F9805 /* KHLinearAccelerationYLineChartView.m */ = {isa = PBXFileReference; fileEncoding = 4; lastKnownFileType = sourcecode.c.objc; name = KHLinearAccelerationYLineChartView.m; path = Views/ChartViews/KHLinearAccelerationYLineChartView.m; sourceTree = "<group>"; };
		8AAD80D1195DBA70000F9805 /* KHSensorDataLineChartView.h */ = {isa = PBXFileReference; fileEncoding = 4; lastKnownFileType = sourcecode.c.h; name = KHSensorDataLineChartView.h; path = Views/ChartViews/KHSensorDataLineChartView.h; sourceTree = "<group>"; };
		8AAD80D2195DBA70000F9805 /* KHSensorDataLineChartView.m */ = {isa = PBXFileReference; fileEncoding = 4; lastKnownFileType = sourcecode.c.objc; name = KHSensorDataLineChartView.m; path = Views/ChartViews/KHSensorDataLineChartView.m; sourceTree = "<group>"; };
		8AAD80D3195DBA70000F9805 /* KHShakingLineChartView.h */ = {isa = PBXFileReference; fileEncoding = 4; lastKnownFileType = sourcecode.c.h; name = KHShakingLineChartView.h; path = Views/ChartViews/KHShakingLineChartView.h; sourceTree = "<group>"; };
		8AAD80D4195DBA70000F9805 /* KHShakingLineChartView.m */ = {isa = PBXFileReference; fileEncoding = 4; lastKnownFileType = sourcecode.c.objc; name = KHShakingLineChartView.m; path = Views/ChartViews/KHShakingLineChartView.m; sourceTree = "<group>"; };
		8AAD80D5195DBA70000F9805 /* KHYawPitchRollLineChartView.h */ = {isa = PBXFileReference; fileEncoding = 4; lastKnownFileType = sourcecode.c.h; name = KHYawPitchRollLineChartView.h; path = Views/ChartViews/KHYawPitchRollLineChartView.h; sourceTree = "<group>"; };
		8AAD80D6195DBA70000F9805 /* KHYawPitchRollLineChartView.m */ = {isa = PBXFileReference; fileEncoding = 4; lastKnownFileType = sourcecode.c.objc; name = KHYawPitchRollLineChartView.m; path = Views/ChartViews/KHYawPitchRollLineChartView.m; sourceTree = "<group>"; };
		8AAD80D7195DBA70000F9805 /* PCLineChartView.h */ = {isa = PBXFileReference; fileEncoding = 4; lastKnownFileType = sourcecode.c.h; name = PCLineChartView.h; path = Views/ChartViews/PCLineChartView.h; sourceTree = "<group>"; };
		8AAD80D8195DBA70000F9805 /* PCLineChartView.m */ = {isa = PBXFileReference; fileEncoding = 4; lastKnownFileType = sourcecode.c.objc; name = PCLineChartView.m; path = Views/ChartViews/PCLineChartView.m; sourceTree = "<group>"; };
		8AAD80D9195DBA70000F9805 /* PCLineChartViewComponent+Utils.h */ = {isa = PBXFileReference; fileEncoding = 4; lastKnownFileType = sourcecode.c.h; name = "PCLineChartViewComponent+Utils.h"; path = "Views/ChartViews/PCLineChartViewComponent+Utils.h"; sourceTree = "<group>"; };
		8AAD80DA195DBA70000F9805 /* PCLineChartViewComponent+Utils.m */ = {isa = PBXFileReference; fileEncoding = 4; lastKnownFileType = sourcecode.c.objc; name = "PCLineChartViewComponent+Utils.m"; path = "Views/ChartViews/PCLineChartViewComponent+Utils.m"; sourceTree = "<group>"; };
		8AAD80E2195DBBF8000F9805 /* KHColorConstants.h */ = {isa = PBXFileReference; lastKnownFileType = sourcecode.c.h; name = KHColorConstants.h; path = Constants/KHColorConstants.h; sourceTree = "<group>"; };
		8AC9D9A5196162EF00364B5A /* NZSensorDataTableView.h */ = {isa = PBXFileReference; fileEncoding = 4; lastKnownFileType = sourcecode.c.h; name = NZSensorDataTableView.h; path = Views/RecordingSensorDataTableView/NZSensorDataTableView.h; sourceTree = "<group>"; };
		8AC9D9A6196162EF00364B5A /* NZSensorDataTableView.m */ = {isa = PBXFileReference; fileEncoding = 4; lastKnownFileType = sourcecode.c.objc; name = NZSensorDataTableView.m; path = Views/RecordingSensorDataTableView/NZSensorDataTableView.m; sourceTree = "<group>"; };
		8AC9D9A81961637D00364B5A /* NZSensorDataSetTableViewCell.h */ = {isa = PBXFileReference; fileEncoding = 4; lastKnownFileType = sourcecode.c.h; name = NZSensorDataSetTableViewCell.h; path = Views/RecordingSensorDataTableView/NZSensorDataSetTableViewCell.h; sourceTree = "<group>"; };
		8AC9D9A91961637D00364B5A /* NZSensorDataSetTableViewCell.m */ = {isa = PBXFileReference; fileEncoding = 4; lastKnownFileType = sourcecode.c.objc; name = NZSensorDataSetTableViewCell.m; path = Views/RecordingSensorDataTableView/NZSensorDataSetTableViewCell.m; sourceTree = "<group>"; };
		8AC9D9E419619B5700364B5A /* NZCoreDataManager.h */ = {isa = PBXFileReference; fileEncoding = 4; lastKnownFileType = sourcecode.c.h; name = NZCoreDataManager.h; path = Model/CoreData/NZCoreDataManager.h; sourceTree = "<group>"; };
		8AC9D9E519619B5700364B5A /* NZCoreDataManager.m */ = {isa = PBXFileReference; fileEncoding = 4; lastKnownFileType = sourcecode.c.objc; name = NZCoreDataManager.m; path = Model/CoreData/NZCoreDataManager.m; sourceTree = "<group>"; };
		8ADB50181962CD4C00DC2784 /* NSManagedObject+CoreData.h */ = {isa = PBXFileReference; fileEncoding = 4; lastKnownFileType = sourcecode.c.h; name = "NSManagedObject+CoreData.h"; path = "Model/CoreData/Categories/NSManagedObject+CoreData.h"; sourceTree = "<group>"; };
		8ADB50191962CD4C00DC2784 /* NSManagedObject+CoreData.m */ = {isa = PBXFileReference; fileEncoding = 4; lastKnownFileType = sourcecode.c.objc; name = "NSManagedObject+CoreData.m"; path = "Model/CoreData/Categories/NSManagedObject+CoreData.m"; sourceTree = "<group>"; };
		8ADB501B1962CE4200DC2784 /* NZSensorDataSet+CoreData.h */ = {isa = PBXFileReference; fileEncoding = 4; lastKnownFileType = sourcecode.c.h; name = "NZSensorDataSet+CoreData.h"; path = "Model/CoreData/Categories/NZSensorDataSet+CoreData.h"; sourceTree = "<group>"; };
		8ADB501C1962CE4200DC2784 /* NZSensorDataSet+CoreData.m */ = {isa = PBXFileReference; fileEncoding = 4; lastKnownFileType = sourcecode.c.objc; name = "NZSensorDataSet+CoreData.m"; path = "Model/CoreData/Categories/NZSensorDataSet+CoreData.m"; sourceTree = "<group>"; };
		8ADB501E1962D63100DC2784 /* NZSensorDataSet.h */ = {isa = PBXFileReference; fileEncoding = 4; lastKnownFileType = sourcecode.c.h; name = NZSensorDataSet.h; path = Model/CoreData/Entity/NZSensorDataSet.h; sourceTree = "<group>"; };
		8ADB501F1962D63100DC2784 /* NZSensorDataSet.m */ = {isa = PBXFileReference; fileEncoding = 4; lastKnownFileType = sourcecode.c.objc; name = NZSensorDataSet.m; path = Model/CoreData/Entity/NZSensorDataSet.m; sourceTree = "<group>"; };
		8ADB50211962D7BA00DC2784 /* NZSensorData.h */ = {isa = PBXFileReference; fileEncoding = 4; lastKnownFileType = sourcecode.c.h; name = NZSensorData.h; path = Model/CoreData/Entity/NZSensorData.h; sourceTree = "<group>"; };
		8ADB50221962D7BA00DC2784 /* NZSensorData.m */ = {isa = PBXFileReference; fileEncoding = 4; lastKnownFileType = sourcecode.c.objc; name = NZSensorData.m; path = Model/CoreData/Entity/NZSensorData.m; sourceTree = "<group>"; };
		8ADB50241962D96800DC2784 /* NZClassLabel.h */ = {isa = PBXFileReference; fileEncoding = 4; lastKnownFileType = sourcecode.c.h; name = NZClassLabel.h; path = Model/CoreData/Entity/NZClassLabel.h; sourceTree = "<group>"; };
		8ADB50251962D96800DC2784 /* NZClassLabel.m */ = {isa = PBXFileReference; fileEncoding = 4; lastKnownFileType = sourcecode.c.objc; name = NZClassLabel.m; path = Model/CoreData/Entity/NZClassLabel.m; sourceTree = "<group>"; };
		8ADB50271962DAD500DC2784 /* NZLinearAcceleration.h */ = {isa = PBXFileReference; fileEncoding = 4; lastKnownFileType = sourcecode.c.h; name = NZLinearAcceleration.h; path = Model/CoreData/Entity/NZLinearAcceleration.h; sourceTree = "<group>"; };
		8ADB50281962DAD500DC2784 /* NZLinearAcceleration.m */ = {isa = PBXFileReference; fileEncoding = 4; lastKnownFileType = sourcecode.c.objc; name = NZLinearAcceleration.m; path = Model/CoreData/Entity/NZLinearAcceleration.m; sourceTree = "<group>"; };
		8ADB502A1962DAEB00DC2784 /* NZQuaternion.h */ = {isa = PBXFileReference; fileEncoding = 4; lastKnownFileType = sourcecode.c.h; name = NZQuaternion.h; path = Model/CoreData/Entity/NZQuaternion.h; sourceTree = "<group>"; };
		8ADB502B1962DAEB00DC2784 /* NZQuaternion.m */ = {isa = PBXFileReference; fileEncoding = 4; lastKnownFileType = sourcecode.c.objc; name = NZQuaternion.m; path = Model/CoreData/Entity/NZQuaternion.m; sourceTree = "<group>"; };
		8ADB502D1962DAFC00DC2784 /* NZYawPitchRoll.h */ = {isa = PBXFileReference; fileEncoding = 4; lastKnownFileType = sourcecode.c.h; name = NZYawPitchRoll.h; path = Model/CoreData/Entity/NZYawPitchRoll.h; sourceTree = "<group>"; };
		8ADB502E1962DAFC00DC2784 /* NZYawPitchRoll.m */ = {isa = PBXFileReference; fileEncoding = 4; lastKnownFileType = sourcecode.c.objc; name = NZYawPitchRoll.m; path = Model/CoreData/Entity/NZYawPitchRoll.m; sourceTree = "<group>"; };
		8ADB50301962E1B000DC2784 /* NZClassLabel+CoreData.h */ = {isa = PBXFileReference; fileEncoding = 4; lastKnownFileType = sourcecode.c.h; name = "NZClassLabel+CoreData.h"; path = "Model/CoreData/Categories/NZClassLabel+CoreData.h"; sourceTree = "<group>"; };
		8ADB50311962E1B000DC2784 /* NZClassLabel+CoreData.m */ = {isa = PBXFileReference; fileEncoding = 4; lastKnownFileType = sourcecode.c.objc; name = "NZClassLabel+CoreData.m"; path = "Model/CoreData/Categories/NZClassLabel+CoreData.m"; sourceTree = "<group>"; };
		8ADB50321962E1B000DC2784 /* NZLinearAcceleration+CoreData.h */ = {isa = PBXFileReference; fileEncoding = 4; lastKnownFileType = sourcecode.c.h; name = "NZLinearAcceleration+CoreData.h"; path = "Model/CoreData/Categories/NZLinearAcceleration+CoreData.h"; sourceTree = "<group>"; };
		8ADB50331962E1B000DC2784 /* NZLinearAcceleration+CoreData.m */ = {isa = PBXFileReference; fileEncoding = 4; lastKnownFileType = sourcecode.c.objc; name = "NZLinearAcceleration+CoreData.m"; path = "Model/CoreData/Categories/NZLinearAcceleration+CoreData.m"; sourceTree = "<group>"; };
		8ADB50341962E1B000DC2784 /* NZQuaternion+CoreData.h */ = {isa = PBXFileReference; fileEncoding = 4; lastKnownFileType = sourcecode.c.h; name = "NZQuaternion+CoreData.h"; path = "Model/CoreData/Categories/NZQuaternion+CoreData.h"; sourceTree = "<group>"; };
		8ADB50351962E1B000DC2784 /* NZQuaternion+CoreData.m */ = {isa = PBXFileReference; fileEncoding = 4; lastKnownFileType = sourcecode.c.objc; name = "NZQuaternion+CoreData.m"; path = "Model/CoreData/Categories/NZQuaternion+CoreData.m"; sourceTree = "<group>"; };
		8ADB50361962E1B000DC2784 /* NZYawPitchRoll+CoreData.h */ = {isa = PBXFileReference; fileEncoding = 4; lastKnownFileType = sourcecode.c.h; name = "NZYawPitchRoll+CoreData.h"; path = "Model/CoreData/Categories/NZYawPitchRoll+CoreData.h"; sourceTree = "<group>"; };
		8ADB50371962E1B000DC2784 /* NZYawPitchRoll+CoreData.m */ = {isa = PBXFileReference; fileEncoding = 4; lastKnownFileType = sourcecode.c.objc; name = "NZYawPitchRoll+CoreData.m"; path = "Model/CoreData/Categories/NZYawPitchRoll+CoreData.m"; sourceTree = "<group>"; };
		8ADB50381962E1B000DC2784 /* NZSensorData+CoreData.h */ = {isa = PBXFileReference; fileEncoding = 4; lastKnownFileType = sourcecode.c.h; name = "NZSensorData+CoreData.h"; path = "Model/CoreData/Categories/NZSensorData+CoreData.h"; sourceTree = "<group>"; };
		8ADB50391962E1B000DC2784 /* NZSensorData+CoreData.m */ = {isa = PBXFileReference; fileEncoding = 4; lastKnownFileType = sourcecode.c.objc; name = "NZSensorData+CoreData.m"; path = "Model/CoreData/Categories/NZSensorData+CoreData.m"; sourceTree = "<group>"; };
		8ADB50461962EB1D00DC2784 /* NZGravity.m */ = {isa = PBXFileReference; fileEncoding = 4; lastKnownFileType = sourcecode.c.objc; name = NZGravity.m; path = Model/CoreData/Entity/NZGravity.m; sourceTree = "<group>"; };
		8ADB50481962EB3900DC2784 /* NZGravity.h */ = {isa = PBXFileReference; lastKnownFileType = sourcecode.c.h; name = NZGravity.h; path = Model/CoreData/Entity/NZGravity.h; sourceTree = "<group>"; };
		8ADB50491962EBC200DC2784 /* NZGravity+CoreData.h */ = {isa = PBXFileReference; fileEncoding = 4; lastKnownFileType = sourcecode.c.h; name = "NZGravity+CoreData.h"; path = "Model/CoreData/Categories/NZGravity+CoreData.h"; sourceTree = "<group>"; };
		8ADB504A1962EBC200DC2784 /* NZGravity+CoreData.m */ = {isa = PBXFileReference; fileEncoding = 4; lastKnownFileType = sourcecode.c.objc; name = "NZGravity+CoreData.m"; path = "Model/CoreData/Categories/NZGravity+CoreData.m"; sourceTree = "<group>"; };
		8AEE3154195C4C1600006989 /* NZSplitViewController.h */ = {isa = PBXFileReference; fileEncoding = 4; lastKnownFileType = sourcecode.c.h; path = NZSplitViewController.h; sourceTree = "<group>"; };
		8AEE3155195C4C1600006989 /* NZSplitViewController.m */ = {isa = PBXFileReference; fileEncoding = 4; lastKnownFileType = sourcecode.c.objc; path = NZSplitViewController.m; sourceTree = "<group>"; };
/* End PBXFileReference section */

/* Begin PBXFrameworksBuildPhase section */
		8A9228FD195C3A3800DF7743 /* Frameworks */ = {
			isa = PBXFrameworksBuildPhase;
			buildActionMask = 2147483647;
			files = (
				8A922906195C3A3800DF7743 /* CoreGraphics.framework in Frameworks */,
				8A92290A195C3A3800DF7743 /* CoreData.framework in Frameworks */,
				8A922908195C3A3800DF7743 /* UIKit.framework in Frameworks */,
				8A922904195C3A3800DF7743 /* Foundation.framework in Frameworks */,
			);
			runOnlyForDeploymentPostprocessing = 0;
		};
		8A922926195C3A3800DF7743 /* Frameworks */ = {
			isa = PBXFrameworksBuildPhase;
			buildActionMask = 2147483647;
			files = (
				8A92292B195C3A3800DF7743 /* XCTest.framework in Frameworks */,
				8A92292E195C3A3800DF7743 /* CoreData.framework in Frameworks */,
				8A92292D195C3A3800DF7743 /* UIKit.framework in Frameworks */,
				8A92292C195C3A3800DF7743 /* Foundation.framework in Frameworks */,
			);
			runOnlyForDeploymentPostprocessing = 0;
		};
/* End PBXFrameworksBuildPhase section */

/* Begin PBXGroup section */
		8A0DF6DE195C61410029E5F3 /* Recording */ = {
			isa = PBXGroup;
			children = (
				8A0DF6DF195C618A0029E5F3 /* NZSensorDataManager.h */,
				8A0DF6E0195C618A0029E5F3 /* NZSensorDataManager.m */,
				8A0DF6E2195C63770029E5F3 /* NZSensorDataRecordingManager.h */,
				8A0DF6E3195C63770029E5F3 /* NZSensorDataRecordingManager.m */,
			);
			name = Recording;
			sourceTree = "<group>";
		};
		8A9228F7195C3A3800DF7743 = {
			isa = PBXGroup;
			children = (
				8A92290B195C3A3800DF7743 /* Gesture */,
				8A922931195C3A3800DF7743 /* GestureTests */,
				8A922902195C3A3800DF7743 /* Frameworks */,
				8A922901195C3A3800DF7743 /* Products */,
			);
			sourceTree = "<group>";
		};
		8A922901195C3A3800DF7743 /* Products */ = {
			isa = PBXGroup;
			children = (
				8A922900195C3A3800DF7743 /* Gesture.app */,
				8A922929195C3A3800DF7743 /* GestureTests.xctest */,
			);
			name = Products;
			sourceTree = "<group>";
		};
		8A922902195C3A3800DF7743 /* Frameworks */ = {
			isa = PBXGroup;
			children = (
				8A922903195C3A3800DF7743 /* Foundation.framework */,
				8A922905195C3A3800DF7743 /* CoreGraphics.framework */,
				8A922907195C3A3800DF7743 /* UIKit.framework */,
				8A922909195C3A3800DF7743 /* CoreData.framework */,
				8A92292A195C3A3800DF7743 /* XCTest.framework */,
			);
			name = Frameworks;
			sourceTree = "<group>";
		};
		8A92290B195C3A3800DF7743 /* Gesture */ = {
			isa = PBXGroup;
			children = (
				8AAD80C4195D6C1B000F9805 /* Constants */,
				8AAD80AA195D66D7000F9805 /* Views */,
				8A922961195C3CD700DF7743 /* Controll */,
				8A922942195C3AAA00DF7743 /* ViewControllers */,
				8A922941195C3AA100DF7743 /* Model */,
				8A922914195C3A3800DF7743 /* NZAppDelegate.h */,
				8A922915195C3A3800DF7743 /* NZAppDelegate.m */,
				8A922923195C3A3800DF7743 /* Images.xcassets */,
				8A92291A195C3A3800DF7743 /* Gesture.xcdatamodeld */,
				8A0DF6DA195C59EF0029E5F3 /* Main.storyboard */,
				8A92290C195C3A3800DF7743 /* Supporting Files */,
			);
			path = Gesture;
			sourceTree = "<group>";
		};
		8A92290C195C3A3800DF7743 /* Supporting Files */ = {
			isa = PBXGroup;
			children = (
				8A92290D195C3A3800DF7743 /* Gesture-Info.plist */,
				8A92290E195C3A3800DF7743 /* InfoPlist.strings */,
				8A922911195C3A3800DF7743 /* main.m */,
				8A922913195C3A3800DF7743 /* Gesture-Prefix.pch */,
			);
			name = "Supporting Files";
			sourceTree = "<group>";
		};
		8A922931195C3A3800DF7743 /* GestureTests */ = {
			isa = PBXGroup;
			children = (
				8A922937195C3A3800DF7743 /* GestureTests.m */,
				8A922932195C3A3800DF7743 /* Supporting Files */,
			);
			path = GestureTests;
			sourceTree = "<group>";
		};
		8A922932195C3A3800DF7743 /* Supporting Files */ = {
			isa = PBXGroup;
			children = (
				8A922933195C3A3800DF7743 /* GestureTests-Info.plist */,
				8A922934195C3A3800DF7743 /* InfoPlist.strings */,
			);
			name = "Supporting Files";
			sourceTree = "<group>";
		};
		8A922941195C3AA100DF7743 /* Model */ = {
			isa = PBXGroup;
			children = (
				8AC9D9E319619B2F00364B5A /* CoreData */,
			);
			name = Model;
			sourceTree = "<group>";
		};
		8A922942195C3AAA00DF7743 /* ViewControllers */ = {
			isa = PBXGroup;
			children = (
				8A922920195C3A3800DF7743 /* NZDetailViewController.h */,
				8A922921195C3A3800DF7743 /* NZDetailViewController.m */,
				8A922967195C3E8E00DF7743 /* NZMasterMenuTVC.h */,
				8A922968195C3E8E00DF7743 /* NZMasterMenuTVC.m */,
				8AEE3154195C4C1600006989 /* NZSplitViewController.h */,
				8AEE3155195C4C1600006989 /* NZSplitViewController.m */,
				8A0DF6D7195C4DF70029E5F3 /* NZRingRecordingVC.h */,
				8A0DF6D8195C4DF70029E5F3 /* NZRingRecordingVC.m */,
			);
			name = ViewControllers;
			sourceTree = "<group>";
		};
		8A922956195C3CCF00DF7743 /* BLE */ = {
			isa = PBXGroup;
			children = (
				8A922957195C3CCF00DF7743 /* BLE.h */,
				8A922958195C3CCF00DF7743 /* BLEDiscovery.h */,
				8A922959195C3CCF00DF7743 /* BLEDiscovery.m */,
				8A92295A195C3CCF00DF7743 /* BLEHelper.h */,
				8A92295B195C3CCF00DF7743 /* BLEHelper.m */,
				8A92295C195C3CCF00DF7743 /* BLEService.h */,
				8A92295D195C3CCF00DF7743 /* BLEService.m */,
			);
			name = BLE;
			path = Controll/Connection/Arduino/BLE;
			sourceTree = "<group>";
		};
		8A922961195C3CD700DF7743 /* Controll */ = {
			isa = PBXGroup;
			children = (
				8A0DF6DE195C61410029E5F3 /* Recording */,
				8A922962195C3CDF00DF7743 /* Connection */,
			);
			name = Controll;
			sourceTree = "<group>";
		};
		8A922962195C3CDF00DF7743 /* Connection */ = {
			isa = PBXGroup;
			children = (
				8A922963195C3CE600DF7743 /* Arduino */,
			);
			name = Connection;
			sourceTree = "<group>";
		};
		8A922963195C3CE600DF7743 /* Arduino */ = {
			isa = PBXGroup;
			children = (
				8A6AF54A195CBAF20015B571 /* NZSensorDataHelper.h */,
				8A6AF54B195CBAF20015B571 /* NZSensorDataHelper.m */,
				8A922964195C3D2A00DF7743 /* NZArduinoCommunicationManager.h */,
				8A922965195C3D2A00DF7743 /* NZArduinoCommunicationManager.m */,
				8A922956195C3CCF00DF7743 /* BLE */,
			);
			name = Arduino;
			sourceTree = "<group>";
		};
		8AAD80AA195D66D7000F9805 /* Views */ = {
			isa = PBXGroup;
			children = (
				8AC9D9A41961626900364B5A /* RecordingSensorDataTableView */,
				8AAD80AB195D66EA000F9805 /* ChartView */,
			);
			name = Views;
			sourceTree = "<group>";
		};
		8AAD80AB195D66EA000F9805 /* ChartView */ = {
			isa = PBXGroup;
			children = (
				8AAD80E2195DBBF8000F9805 /* KHColorConstants.h */,
				8AAD80CD195DBA70000F9805 /* KHLinearAccelerationLineChartView.h */,
				8AAD80CE195DBA70000F9805 /* KHLinearAccelerationLineChartView.m */,
				8AAD80CF195DBA70000F9805 /* KHLinearAccelerationYLineChartView.h */,
				8AAD80D0195DBA70000F9805 /* KHLinearAccelerationYLineChartView.m */,
				8AAD80D1195DBA70000F9805 /* KHSensorDataLineChartView.h */,
				8AAD80D2195DBA70000F9805 /* KHSensorDataLineChartView.m */,
				8AAD80D3195DBA70000F9805 /* KHShakingLineChartView.h */,
				8AAD80D4195DBA70000F9805 /* KHShakingLineChartView.m */,
				8AAD80D5195DBA70000F9805 /* KHYawPitchRollLineChartView.h */,
				8AAD80D6195DBA70000F9805 /* KHYawPitchRollLineChartView.m */,
				8AAD80D7195DBA70000F9805 /* PCLineChartView.h */,
				8AAD80D8195DBA70000F9805 /* PCLineChartView.m */,
				8AAD80D9195DBA70000F9805 /* PCLineChartViewComponent+Utils.h */,
				8AAD80DA195DBA70000F9805 /* PCLineChartViewComponent+Utils.m */,
			);
			name = ChartView;
			sourceTree = "<group>";
		};
		8AAD80C4195D6C1B000F9805 /* Constants */ = {
			isa = PBXGroup;
			children = (
			);
			name = Constants;
			sourceTree = "<group>";
		};
		8AC9D9A41961626900364B5A /* RecordingSensorDataTableView */ = {
			isa = PBXGroup;
			children = (
				8AC9D9A5196162EF00364B5A /* NZSensorDataTableView.h */,
				8AC9D9A6196162EF00364B5A /* NZSensorDataTableView.m */,
				8AC9D9A81961637D00364B5A /* NZSensorDataSetTableViewCell.h */,
				8AC9D9A91961637D00364B5A /* NZSensorDataSetTableViewCell.m */,
			);
			name = RecordingSensorDataTableView;
			sourceTree = "<group>";
		};
		8AC9D9E319619B2F00364B5A /* CoreData */ = {
			isa = PBXGroup;
			children = (
				8ADB4FDF1962BACC00DC2784 /* Categories */,
				8ADB4FDE1962BA8E00DC2784 /* Entities */,
				8AC9D9E419619B5700364B5A /* NZCoreDataManager.h */,
				8AC9D9E519619B5700364B5A /* NZCoreDataManager.m */,
			);
			name = CoreData;
			sourceTree = "<group>";
		};
		8ADB4FDE1962BA8E00DC2784 /* Entities */ = {
			isa = PBXGroup;
			children = (
				8ADB501E1962D63100DC2784 /* NZSensorDataSet.h */,
				8ADB501F1962D63100DC2784 /* NZSensorDataSet.m */,
				8ADB50211962D7BA00DC2784 /* NZSensorData.h */,
				8ADB50221962D7BA00DC2784 /* NZSensorData.m */,
				8ADB50241962D96800DC2784 /* NZClassLabel.h */,
				8ADB50251962D96800DC2784 /* NZClassLabel.m */,
				8ADB50271962DAD500DC2784 /* NZLinearAcceleration.h */,
				8ADB50281962DAD500DC2784 /* NZLinearAcceleration.m */,
				8ADB502A1962DAEB00DC2784 /* NZQuaternion.h */,
				8ADB502B1962DAEB00DC2784 /* NZQuaternion.m */,
				8ADB502D1962DAFC00DC2784 /* NZYawPitchRoll.h */,
				8ADB502E1962DAFC00DC2784 /* NZYawPitchRoll.m */,
				8ADB50481962EB3900DC2784 /* NZGravity.h */,
				8ADB50461962EB1D00DC2784 /* NZGravity.m */,
			);
			name = Entities;
			sourceTree = "<group>";
		};
		8ADB4FDF1962BACC00DC2784 /* Categories */ = {
			isa = PBXGroup;
			children = (
				8ADB50181962CD4C00DC2784 /* NSManagedObject+CoreData.h */,
				8ADB50191962CD4C00DC2784 /* NSManagedObject+CoreData.m */,
				8ADB50301962E1B000DC2784 /* NZClassLabel+CoreData.h */,
				8ADB50311962E1B000DC2784 /* NZClassLabel+CoreData.m */,
				8ADB50321962E1B000DC2784 /* NZLinearAcceleration+CoreData.h */,
				8ADB50331962E1B000DC2784 /* NZLinearAcceleration+CoreData.m */,
				8ADB50341962E1B000DC2784 /* NZQuaternion+CoreData.h */,
				8ADB50491962EBC200DC2784 /* NZGravity+CoreData.h */,
				8ADB504A1962EBC200DC2784 /* NZGravity+CoreData.m */,
				8ADB50351962E1B000DC2784 /* NZQuaternion+CoreData.m */,
				8ADB50361962E1B000DC2784 /* NZYawPitchRoll+CoreData.h */,
				8ADB50371962E1B000DC2784 /* NZYawPitchRoll+CoreData.m */,
				8ADB50381962E1B000DC2784 /* NZSensorData+CoreData.h */,
				8ADB50391962E1B000DC2784 /* NZSensorData+CoreData.m */,
				8ADB501B1962CE4200DC2784 /* NZSensorDataSet+CoreData.h */,
				8ADB501C1962CE4200DC2784 /* NZSensorDataSet+CoreData.m */,
			);
			name = Categories;
			sourceTree = "<group>";
		};
/* End PBXGroup section */

/* Begin PBXNativeTarget section */
		8A9228FF195C3A3800DF7743 /* Gesture */ = {
			isa = PBXNativeTarget;
			buildConfigurationList = 8A92293B195C3A3800DF7743 /* Build configuration list for PBXNativeTarget "Gesture" */;
			buildPhases = (
				8A9228FC195C3A3800DF7743 /* Sources */,
				8A9228FD195C3A3800DF7743 /* Frameworks */,
				8A9228FE195C3A3800DF7743 /* Resources */,
			);
			buildRules = (
			);
			dependencies = (
			);
			name = Gesture;
			productName = Gesture;
			productReference = 8A922900195C3A3800DF7743 /* Gesture.app */;
			productType = "com.apple.product-type.application";
		};
		8A922928195C3A3800DF7743 /* GestureTests */ = {
			isa = PBXNativeTarget;
			buildConfigurationList = 8A92293E195C3A3800DF7743 /* Build configuration list for PBXNativeTarget "GestureTests" */;
			buildPhases = (
				8A922925195C3A3800DF7743 /* Sources */,
				8A922926195C3A3800DF7743 /* Frameworks */,
				8A922927195C3A3800DF7743 /* Resources */,
			);
			buildRules = (
			);
			dependencies = (
				8A922930195C3A3800DF7743 /* PBXTargetDependency */,
			);
			name = GestureTests;
			productName = GestureTests;
			productReference = 8A922929195C3A3800DF7743 /* GestureTests.xctest */;
			productType = "com.apple.product-type.bundle.unit-test";
		};
/* End PBXNativeTarget section */

/* Begin PBXProject section */
		8A9228F8195C3A3800DF7743 /* Project object */ = {
			isa = PBXProject;
			attributes = {
				CLASSPREFIX = NZ;
				LastUpgradeCheck = 0510;
				ORGANIZATIONNAME = TUM;
				TargetAttributes = {
					8A9228FF195C3A3800DF7743 = {
						DevelopmentTeam = 7PLLZ436SG;
					};
					8A922928195C3A3800DF7743 = {
						TestTargetID = 8A9228FF195C3A3800DF7743;
					};
				};
			};
			buildConfigurationList = 8A9228FB195C3A3800DF7743 /* Build configuration list for PBXProject "Gesture" */;
			compatibilityVersion = "Xcode 3.2";
			developmentRegion = English;
			hasScannedForEncodings = 0;
			knownRegions = (
				en,
				Base,
			);
			mainGroup = 8A9228F7195C3A3800DF7743;
			productRefGroup = 8A922901195C3A3800DF7743 /* Products */;
			projectDirPath = "";
			projectRoot = "";
			targets = (
				8A9228FF195C3A3800DF7743 /* Gesture */,
				8A922928195C3A3800DF7743 /* GestureTests */,
			);
		};
/* End PBXProject section */

/* Begin PBXResourcesBuildPhase section */
		8A9228FE195C3A3800DF7743 /* Resources */ = {
			isa = PBXResourcesBuildPhase;
			buildActionMask = 2147483647;
			files = (
				8A0DF6DC195C59EF0029E5F3 /* Main.storyboard in Resources */,
				8A922924195C3A3800DF7743 /* Images.xcassets in Resources */,
				8A922910195C3A3800DF7743 /* InfoPlist.strings in Resources */,
			);
			runOnlyForDeploymentPostprocessing = 0;
		};
		8A922927195C3A3800DF7743 /* Resources */ = {
			isa = PBXResourcesBuildPhase;
			buildActionMask = 2147483647;
			files = (
				8A922936195C3A3800DF7743 /* InfoPlist.strings in Resources */,
			);
			runOnlyForDeploymentPostprocessing = 0;
		};
/* End PBXResourcesBuildPhase section */

/* Begin PBXSourcesBuildPhase section */
		8A9228FC195C3A3800DF7743 /* Sources */ = {
			isa = PBXSourcesBuildPhase;
			buildActionMask = 2147483647;
			files = (
				8AAD80E0195DBA70000F9805 /* PCLineChartView.m in Sources */,
				8ADB50201962D63100DC2784 /* NZSensorDataSet.m in Sources */,
				8ADB502C1962DAEB00DC2784 /* NZQuaternion.m in Sources */,
				8ADB50471962EB1D00DC2784 /* NZGravity.m in Sources */,
				8A92295E195C3CCF00DF7743 /* BLEDiscovery.m in Sources */,
				8AAD80DC195DBA70000F9805 /* KHLinearAccelerationYLineChartView.m in Sources */,
				8ADB501A1962CD4C00DC2784 /* NSManagedObject+CoreData.m in Sources */,
				8ADB503E1962E1B000DC2784 /* NZSensorData+CoreData.m in Sources */,
				8AAD80DD195DBA70000F9805 /* KHSensorDataLineChartView.m in Sources */,
				8AC9D9AA1961637D00364B5A /* NZSensorDataSetTableViewCell.m in Sources */,
				8AAD80DB195DBA70000F9805 /* KHLinearAccelerationLineChartView.m in Sources */,
				8ADB503A1962E1B000DC2784 /* NZClassLabel+CoreData.m in Sources */,
				8A922969195C3E8E00DF7743 /* NZMasterMenuTVC.m in Sources */,
				8AAD80DF195DBA70000F9805 /* KHYawPitchRollLineChartView.m in Sources */,
				8A922916195C3A3800DF7743 /* NZAppDelegate.m in Sources */,
				8AC9D9E619619B5700364B5A /* NZCoreDataManager.m in Sources */,
				8A92291C195C3A3800DF7743 /* Gesture.xcdatamodeld in Sources */,
				8A6AF54C195CBAF20015B571 /* NZSensorDataHelper.m in Sources */,
				8AC9D9A7196162EF00364B5A /* NZSensorDataTableView.m in Sources */,
				8AAD80E1195DBA70000F9805 /* PCLineChartViewComponent+Utils.m in Sources */,
				8A0DF6E4195C63770029E5F3 /* NZSensorDataRecordingManager.m in Sources */,
				8A922966195C3D2A00DF7743 /* NZArduinoCommunicationManager.m in Sources */,
				8A922912195C3A3800DF7743 /* main.m in Sources */,
				8AEE3156195C4C1600006989 /* NZSplitViewController.m in Sources */,
				8AAD80DE195DBA70000F9805 /* KHShakingLineChartView.m in Sources */,
				8ADB502F1962DAFC00DC2784 /* NZYawPitchRoll.m in Sources */,
				8ADB504B1962EBC200DC2784 /* NZGravity+CoreData.m in Sources */,
				8A92295F195C3CCF00DF7743 /* BLEHelper.m in Sources */,
				8ADB503B1962E1B000DC2784 /* NZLinearAcceleration+CoreData.m in Sources */,
				8A0DF6D9195C4DF70029E5F3 /* NZRingRecordingVC.m in Sources */,
				8A922922195C3A3800DF7743 /* NZDetailViewController.m in Sources */,
				8ADB501D1962CE4200DC2784 /* NZSensorDataSet+CoreData.m in Sources */,
				8ADB503C1962E1B000DC2784 /* NZQuaternion+CoreData.m in Sources */,
				8ADB50291962DAD500DC2784 /* NZLinearAcceleration.m in Sources */,
				8ADB50231962D7BA00DC2784 /* NZSensorData.m in Sources */,
				8A0DF6E1195C618A0029E5F3 /* NZSensorDataManager.m in Sources */,
				8A922960195C3CCF00DF7743 /* BLEService.m in Sources */,
				8ADB50261962D96800DC2784 /* NZClassLabel.m in Sources */,
				8ADB503D1962E1B000DC2784 /* NZYawPitchRoll+CoreData.m in Sources */,
			);
			runOnlyForDeploymentPostprocessing = 0;
		};
		8A922925195C3A3800DF7743 /* Sources */ = {
			isa = PBXSourcesBuildPhase;
			buildActionMask = 2147483647;
			files = (
				8A922938195C3A3800DF7743 /* GestureTests.m in Sources */,
			);
			runOnlyForDeploymentPostprocessing = 0;
		};
/* End PBXSourcesBuildPhase section */

/* Begin PBXTargetDependency section */
		8A922930195C3A3800DF7743 /* PBXTargetDependency */ = {
			isa = PBXTargetDependency;
			target = 8A9228FF195C3A3800DF7743 /* Gesture */;
			targetProxy = 8A92292F195C3A3800DF7743 /* PBXContainerItemProxy */;
		};
/* End PBXTargetDependency section */

/* Begin PBXVariantGroup section */
		8A0DF6DA195C59EF0029E5F3 /* Main.storyboard */ = {
			isa = PBXVariantGroup;
			children = (
				8A0DF6DB195C59EF0029E5F3 /* Base */,
			);
			name = Main.storyboard;
			sourceTree = "<group>";
		};
		8A92290E195C3A3800DF7743 /* InfoPlist.strings */ = {
			isa = PBXVariantGroup;
			children = (
				8A92290F195C3A3800DF7743 /* en */,
			);
			name = InfoPlist.strings;
			sourceTree = "<group>";
		};
		8A922934195C3A3800DF7743 /* InfoPlist.strings */ = {
			isa = PBXVariantGroup;
			children = (
				8A922935195C3A3800DF7743 /* en */,
			);
			name = InfoPlist.strings;
			sourceTree = "<group>";
		};
/* End PBXVariantGroup section */

/* Begin XCBuildConfiguration section */
		8A922939195C3A3800DF7743 /* Debug */ = {
			isa = XCBuildConfiguration;
			buildSettings = {
				ALWAYS_SEARCH_USER_PATHS = NO;
				CLANG_CXX_LANGUAGE_STANDARD = "gnu++0x";
				CLANG_CXX_LIBRARY = "libc++";
				CLANG_ENABLE_MODULES = YES;
				CLANG_ENABLE_OBJC_ARC = YES;
				CLANG_WARN_BOOL_CONVERSION = YES;
				CLANG_WARN_CONSTANT_CONVERSION = YES;
				CLANG_WARN_DIRECT_OBJC_ISA_USAGE = YES_ERROR;
				CLANG_WARN_EMPTY_BODY = YES;
				CLANG_WARN_ENUM_CONVERSION = YES;
				CLANG_WARN_INT_CONVERSION = YES;
				CLANG_WARN_OBJC_ROOT_CLASS = YES_ERROR;
				CLANG_WARN__DUPLICATE_METHOD_MATCH = YES;
				"CODE_SIGN_IDENTITY[sdk=iphoneos*]" = "iPhone Developer";
				COPY_PHASE_STRIP = NO;
				GCC_C_LANGUAGE_STANDARD = gnu99;
				GCC_DYNAMIC_NO_PIC = NO;
				GCC_OPTIMIZATION_LEVEL = 0;
				GCC_PREPROCESSOR_DEFINITIONS = (
					"DEBUG=1",
					"$(inherited)",
				);
				GCC_SYMBOLS_PRIVATE_EXTERN = NO;
				GCC_WARN_64_TO_32_BIT_CONVERSION = YES;
				GCC_WARN_ABOUT_RETURN_TYPE = YES_ERROR;
				GCC_WARN_UNDECLARED_SELECTOR = YES;
				GCC_WARN_UNINITIALIZED_AUTOS = YES_AGGRESSIVE;
				GCC_WARN_UNUSED_FUNCTION = YES;
				GCC_WARN_UNUSED_VARIABLE = YES;
				IPHONEOS_DEPLOYMENT_TARGET = 7.1;
				ONLY_ACTIVE_ARCH = YES;
				SDKROOT = iphoneos;
				TARGETED_DEVICE_FAMILY = 2;
			};
			name = Debug;
		};
		8A92293A195C3A3800DF7743 /* Release */ = {
			isa = XCBuildConfiguration;
			buildSettings = {
				ALWAYS_SEARCH_USER_PATHS = NO;
				CLANG_CXX_LANGUAGE_STANDARD = "gnu++0x";
				CLANG_CXX_LIBRARY = "libc++";
				CLANG_ENABLE_MODULES = YES;
				CLANG_ENABLE_OBJC_ARC = YES;
				CLANG_WARN_BOOL_CONVERSION = YES;
				CLANG_WARN_CONSTANT_CONVERSION = YES;
				CLANG_WARN_DIRECT_OBJC_ISA_USAGE = YES_ERROR;
				CLANG_WARN_EMPTY_BODY = YES;
				CLANG_WARN_ENUM_CONVERSION = YES;
				CLANG_WARN_INT_CONVERSION = YES;
				CLANG_WARN_OBJC_ROOT_CLASS = YES_ERROR;
				CLANG_WARN__DUPLICATE_METHOD_MATCH = YES;
				"CODE_SIGN_IDENTITY[sdk=iphoneos*]" = "iPhone Developer";
				COPY_PHASE_STRIP = YES;
				ENABLE_NS_ASSERTIONS = NO;
				GCC_C_LANGUAGE_STANDARD = gnu99;
				GCC_WARN_64_TO_32_BIT_CONVERSION = YES;
				GCC_WARN_ABOUT_RETURN_TYPE = YES_ERROR;
				GCC_WARN_UNDECLARED_SELECTOR = YES;
				GCC_WARN_UNINITIALIZED_AUTOS = YES_AGGRESSIVE;
				GCC_WARN_UNUSED_FUNCTION = YES;
				GCC_WARN_UNUSED_VARIABLE = YES;
				IPHONEOS_DEPLOYMENT_TARGET = 7.1;
				SDKROOT = iphoneos;
				TARGETED_DEVICE_FAMILY = 2;
				VALIDATE_PRODUCT = YES;
			};
			name = Release;
		};
		8A92293C195C3A3800DF7743 /* Debug */ = {
			isa = XCBuildConfiguration;
			buildSettings = {
				ASSETCATALOG_COMPILER_APPICON_NAME = AppIcon;
				ASSETCATALOG_COMPILER_LAUNCHIMAGE_NAME = LaunchImage;
				CODE_SIGN_IDENTITY = "iPhone Developer";
				GCC_PRECOMPILE_PREFIX_HEADER = YES;
				GCC_PREFIX_HEADER = "Gesture/Gesture-Prefix.pch";
				INFOPLIST_FILE = "Gesture/Gesture-Info.plist";
				IPHONEOS_DEPLOYMENT_TARGET = 7.1;
				PRODUCT_NAME = "$(TARGET_NAME)";
				WRAPPER_EXTENSION = app;
			};
			name = Debug;
		};
		8A92293D195C3A3800DF7743 /* Release */ = {
			isa = XCBuildConfiguration;
			buildSettings = {
				ASSETCATALOG_COMPILER_APPICON_NAME = AppIcon;
				ASSETCATALOG_COMPILER_LAUNCHIMAGE_NAME = LaunchImage;
				CODE_SIGN_IDENTITY = "iPhone Developer";
				GCC_PRECOMPILE_PREFIX_HEADER = YES;
				GCC_PREFIX_HEADER = "Gesture/Gesture-Prefix.pch";
				INFOPLIST_FILE = "Gesture/Gesture-Info.plist";
				IPHONEOS_DEPLOYMENT_TARGET = 7.1;
				PRODUCT_NAME = "$(TARGET_NAME)";
				WRAPPER_EXTENSION = app;
			};
			name = Release;
		};
		8A92293F195C3A3800DF7743 /* Debug */ = {
			isa = XCBuildConfiguration;
			buildSettings = {
				BUNDLE_LOADER = "$(BUILT_PRODUCTS_DIR)/Gesture.app/Gesture";
				FRAMEWORK_SEARCH_PATHS = (
					"$(SDKROOT)/Developer/Library/Frameworks",
					"$(inherited)",
					"$(DEVELOPER_FRAMEWORKS_DIR)",
				);
				GCC_PRECOMPILE_PREFIX_HEADER = YES;
				GCC_PREFIX_HEADER = "Gesture/Gesture-Prefix.pch";
				GCC_PREPROCESSOR_DEFINITIONS = (
					"DEBUG=1",
					"$(inherited)",
				);
				INFOPLIST_FILE = "GestureTests/GestureTests-Info.plist";
				PRODUCT_NAME = "$(TARGET_NAME)";
				TEST_HOST = "$(BUNDLE_LOADER)";
				WRAPPER_EXTENSION = xctest;
			};
			name = Debug;
		};
		8A922940195C3A3800DF7743 /* Release */ = {
			isa = XCBuildConfiguration;
			buildSettings = {
				BUNDLE_LOADER = "$(BUILT_PRODUCTS_DIR)/Gesture.app/Gesture";
				FRAMEWORK_SEARCH_PATHS = (
					"$(SDKROOT)/Developer/Library/Frameworks",
					"$(inherited)",
					"$(DEVELOPER_FRAMEWORKS_DIR)",
				);
				GCC_PRECOMPILE_PREFIX_HEADER = YES;
				GCC_PREFIX_HEADER = "Gesture/Gesture-Prefix.pch";
				INFOPLIST_FILE = "GestureTests/GestureTests-Info.plist";
				PRODUCT_NAME = "$(TARGET_NAME)";
				TEST_HOST = "$(BUNDLE_LOADER)";
				WRAPPER_EXTENSION = xctest;
			};
			name = Release;
		};
/* End XCBuildConfiguration section */

/* Begin XCConfigurationList section */
		8A9228FB195C3A3800DF7743 /* Build configuration list for PBXProject "Gesture" */ = {
			isa = XCConfigurationList;
			buildConfigurations = (
				8A922939195C3A3800DF7743 /* Debug */,
				8A92293A195C3A3800DF7743 /* Release */,
			);
			defaultConfigurationIsVisible = 0;
			defaultConfigurationName = Release;
		};
		8A92293B195C3A3800DF7743 /* Build configuration list for PBXNativeTarget "Gesture" */ = {
			isa = XCConfigurationList;
			buildConfigurations = (
				8A92293C195C3A3800DF7743 /* Debug */,
				8A92293D195C3A3800DF7743 /* Release */,
			);
			defaultConfigurationIsVisible = 0;
			defaultConfigurationName = Release;
		};
		8A92293E195C3A3800DF7743 /* Build configuration list for PBXNativeTarget "GestureTests" */ = {
			isa = XCConfigurationList;
			buildConfigurations = (
				8A92293F195C3A3800DF7743 /* Debug */,
				8A922940195C3A3800DF7743 /* Release */,
			);
			defaultConfigurationIsVisible = 0;
			defaultConfigurationName = Release;
		};
/* End XCConfigurationList section */

/* Begin XCVersionGroup section */
		8A92291A195C3A3800DF7743 /* Gesture.xcdatamodeld */ = {
			isa = XCVersionGroup;
			children = (
				8A92291B195C3A3800DF7743 /* Gesture.xcdatamodel */,
			);
			currentVersion = 8A92291B195C3A3800DF7743 /* Gesture.xcdatamodel */;
			path = Gesture.xcdatamodeld;
			sourceTree = "<group>";
			versionGroupType = wrapper.xcdatamodel;
		};
/* End XCVersionGroup section */
	};
	rootObject = 8A9228F8195C3A3800DF7743 /* Project object */;
}
